
Microsoft Visual Studio Solution File, Format Version 12.00
# Visual Studio Version 17
VisualStudioVersion = 17.9.34607.119
MinimumVisualStudioVersion = 10.0.40219.1
Project("{FAE04EC0-301F-11D3-BF4B-00C04F79EFBC}") = "shopping_cart", "shopping_cart.csproj", "{A58BC086-8F63-4590-A367-4F6AFEAA26A9}"
EndProject
Global
	GlobalSection(SolutionConfigurationPlatforms) = preSolution
		Debug|Any CPU = Debug|Any CPU
		Release|Any CPU = Release|Any CPU
	EndGlobalSection
	GlobalSection(ProjectConfigurationPlatforms) = postSolution
		{A58BC086-8F63-4590-A367-4F6AFEAA26A9}.Debug|Any CPU.ActiveCfg = Debug|Any CPU
		{A58BC086-8F63-4590-A367-4F6AFEAA26A9}.Debug|Any CPU.Build.0 = Debug|Any CPU
		{A58BC086-8F63-4590-A367-4F6AFEAA26A9}.Release|Any CPU.ActiveCfg = Release|Any CPU
		{A58BC086-8F63-4590-A367-4F6AFEAA26A9}.Release|Any CPU.Build.0 = Release|Any CPU
	EndGlobalSection
	GlobalSection(SolutionProperties) = preSolution
		HideSolutionNode = FALSE
	EndGlobalSection
	GlobalSection(ExtensibilityGlobals) = postSolution
		SolutionGuid = {C8D89294-DCDF-4CAC-96B6-65F7A96514FC}
	EndGlobalSection
EndGlobal
